{
  "name": "wxapp-greenorangebike",
  "version": "1.0.0",
  "lockfileVersion": 1,
  "requires": true,
  "dependencies": {
    "@vant/weapp": {
      "version": "1.4.0",
      "resolved": "https://registry.npmjs.org/@vant/weapp/-/weapp-1.4.0.tgz",
      "integrity": "sha512-rvdwFVsKU/r8IhU6vFHe1/GApYP8CWgNOphJtig2hRdAOuhhcaHKuFjm1kkgcn+q3OZ4KUQ8/Ua0YICw7/sUtQ=="
    },
    "jsbn": {
      "version": "1.1.0",
      "resolved": "https://registry.npmjs.org/jsbn/-/jsbn-1.1.0.tgz",
      "integrity": "sha1-sBMHyym2GKHtJux56RH4A8TaAEA="
    },
    "miniprogram-sm-crypto": {
      "version": "0.1.2",
      "resolved": "https://registry.npmjs.org/miniprogram-sm-crypto/-/miniprogram-sm-crypto-0.1.2.tgz",
      "integrity": "sha512-pBEBTZrkbGAHPPVOQRxfCPc1gwRBuABEIV+7W+K2MO+b56gHjeP/fuCR8VUujAtElxr1qdMau3qTirTxqTkDbA==",
      "requires": {
        "jsbn": "^1.1.0"
      }
    }
  }
}
